
Microsoft Visual Studio Solution File, Format Version 12.00
# Visual Studio Version 17
VisualStudioVersion = 17.10.35013.160
MinimumVisualStudioVersion = 10.0.40219.1
Project("{9A19103F-16F7-4668-BE54-9A1E7A4F7556}") = "LifeStealClass", "LifeStealClass.csproj", "{31623674-D84B-4EDC-8274-FCA5432D1616}"
EndProject
Global
	GlobalSection(SolutionConfigurationPlatforms) = preSolution
		Debug|Any CPU = Debug|Any CPU
		Release|Any CPU = Release|Any CPU
	EndGlobalSection
	GlobalSection(ProjectConfigurationPlatforms) = postSolution
		{31623674-D84B-4EDC-8274-FCA5432D1616}.Debug|Any CPU.ActiveCfg = Debug|Any CPU
		{31623674-D84B-4EDC-8274-FCA5432D1616}.Debug|Any CPU.Build.0 = Debug|Any CPU
		{31623674-D84B-4EDC-8274-FCA5432D1616}.Release|Any CPU.ActiveCfg = Release|Any CPU
		{31623674-D84B-4EDC-8274-FCA5432D1616}.Release|Any CPU.Build.0 = Release|Any CPU
	EndGlobalSection
	GlobalSection(SolutionProperties) = preSolution
		HideSolutionNode = FALSE
	EndGlobalSection
	GlobalSection(ExtensibilityGlobals) = postSolution
		SolutionGuid = {E4CE4C4D-D317-4343-A2A9-8A3F0660FDF2}
	EndGlobalSection
EndGlobal
